
Microsoft Visual Studio Solution File, Format Version 12.00
# Visual Studio Version 16
VisualStudioVersion = 16.0.30907.101
MinimumVisualStudioVersion = 10.0.40219.1
Project("{9A19103F-16F7-4668-BE54-9A1E7A4F7556}") = "KampIntro", "KampIntro\KampIntro.csproj", "{868BBCD3-D9B4-4DB1-88E6-3450B2613A03}"
EndProject
Project("{9A19103F-16F7-4668-BE54-9A1E7A4F7556}") = "Donguler", "Donguler\Donguler.csproj", "{B52D0B70-54E0-42B5-ABB0-9417C343792B}"
EndProject
Project("{9A19103F-16F7-4668-BE54-9A1E7A4F7556}") = "ClassIntro", "ClassIntro\ClassIntro.csproj", "{513E90B7-752A-4BEA-8719-39B11CF75F1F}"
EndProject
Project("{9A19103F-16F7-4668-BE54-9A1E7A4F7556}") = "Metotlar", "Metotlar\Metotlar.csproj", "{DEDD9CEB-4BB7-4B2E-A373-7621A41E5E9A}"
EndProject
Project("{9A19103F-16F7-4668-BE54-9A1E7A4F7556}") = "Matematik", "Matematik\Matematik.csproj", "{EFCF493A-289F-44BD-8B39-C979681803C5}"
EndProject
Project("{9A19103F-16F7-4668-BE54-9A1E7A4F7556}") = "DegerVeReferansTipler", "DegerVeReferansTipler\DegerVeReferansTipler.csproj", "{999A1F9C-E281-4D52-B161-1EB8D60093AA}"
EndProject
Project("{9A19103F-16F7-4668-BE54-9A1E7A4F7556}") = "Odev.io", "Odev.io\Odev.io.csproj", "{1C63367D-5DD1-4640-84C6-E24119720B13}"
EndProject
Project("{9A19103F-16F7-4668-BE54-9A1E7A4F7556}") = "OOP1", "OOP1\OOP1.csproj", "{B20ECD6A-37B4-45E6-84CE-1609266467D5}"
EndProject
Project("{9A19103F-16F7-4668-BE54-9A1E7A4F7556}") = "Koleksiyonlar", "Koleksiyonlar\Koleksiyonlar.csproj", "{F30DE07A-4932-4705-B483-F91AE3E8A444}"
EndProject
Project("{9A19103F-16F7-4668-BE54-9A1E7A4F7556}") = "GenericsIntro", "GenericsIntro\GenericsIntro.csproj", "{45AFAD20-15AE-43D6-BA4A-4863FC1840B0}"
EndProject
Project("{FAE04EC0-301F-11D3-BF4B-00C04F79EFBC}") = "OOP2", "OOP2\OOP2.csproj", "{FBB8DA1D-AA6A-4E77-A8A5-A1828AB52125}"
EndProject
Project("{FAE04EC0-301F-11D3-BF4B-00C04F79EFBC}") = "OOP3", "OOP3\OOP3.csproj", "{6FC1FACB-1247-416F-AD44-849B4257CD29}"
EndProject
Global
	GlobalSection(SolutionConfigurationPlatforms) = preSolution
		Debug|Any CPU = Debug|Any CPU
		Release|Any CPU = Release|Any CPU
	EndGlobalSection
	GlobalSection(ProjectConfigurationPlatforms) = postSolution
		{868BBCD3-D9B4-4DB1-88E6-3450B2613A03}.Debug|Any CPU.ActiveCfg = Debug|Any CPU
		{868BBCD3-D9B4-4DB1-88E6-3450B2613A03}.Debug|Any CPU.Build.0 = Debug|Any CPU
		{868BBCD3-D9B4-4DB1-88E6-3450B2613A03}.Release|Any CPU.ActiveCfg = Release|Any CPU
		{868BBCD3-D9B4-4DB1-88E6-3450B2613A03}.Release|Any CPU.Build.0 = Release|Any CPU
		{B52D0B70-54E0-42B5-ABB0-9417C343792B}.Debug|Any CPU.ActiveCfg = Debug|Any CPU
		{B52D0B70-54E0-42B5-ABB0-9417C343792B}.Debug|Any CPU.Build.0 = Debug|Any CPU
		{B52D0B70-54E0-42B5-ABB0-9417C343792B}.Release|Any CPU.ActiveCfg = Release|Any CPU
		{B52D0B70-54E0-42B5-ABB0-9417C343792B}.Release|Any CPU.Build.0 = Release|Any CPU
		{513E90B7-752A-4BEA-8719-39B11CF75F1F}.Debug|Any CPU.ActiveCfg = Debug|Any CPU
		{513E90B7-752A-4BEA-8719-39B11CF75F1F}.Debug|Any CPU.Build.0 = Debug|Any CPU
		{513E90B7-752A-4BEA-8719-39B11CF75F1F}.Release|Any CPU.ActiveCfg = Release|Any CPU
		{513E90B7-752A-4BEA-8719-39B11CF75F1F}.Release|Any CPU.Build.0 = Release|Any CPU
		{DEDD9CEB-4BB7-4B2E-A373-7621A41E5E9A}.Debug|Any CPU.ActiveCfg = Debug|Any CPU
		{DEDD9CEB-4BB7-4B2E-A373-7621A41E5E9A}.Debug|Any CPU.Build.0 = Debug|Any CPU
		{DEDD9CEB-4BB7-4B2E-A373-7621A41E5E9A}.Release|Any CPU.ActiveCfg = Release|Any CPU
		{DEDD9CEB-4BB7-4B2E-A373-7621A41E5E9A}.Release|Any CPU.Build.0 = Release|Any CPU
		{EFCF493A-289F-44BD-8B39-C979681803C5}.Debug|Any CPU.ActiveCfg = Debug|Any CPU
		{EFCF493A-289F-44BD-8B39-C979681803C5}.Debug|Any CPU.Build.0 = Debug|Any CPU
		{EFCF493A-289F-44BD-8B39-C979681803C5}.Release|Any CPU.ActiveCfg = Release|Any CPU
		{EFCF493A-289F-44BD-8B39-C979681803C5}.Release|Any CPU.Build.0 = Release|Any CPU
		{999A1F9C-E281-4D52-B161-1EB8D60093AA}.Debug|Any CPU.ActiveCfg = Debug|Any CPU
		{999A1F9C-E281-4D52-B161-1EB8D60093AA}.Debug|Any CPU.Build.0 = Debug|Any CPU
		{999A1F9C-E281-4D52-B161-1EB8D60093AA}.Release|Any CPU.ActiveCfg = Release|Any CPU
		{999A1F9C-E281-4D52-B161-1EB8D60093AA}.Release|Any CPU.Build.0 = Release|Any CPU
		{1C63367D-5DD1-4640-84C6-E24119720B13}.Debug|Any CPU.ActiveCfg = Debug|Any CPU
		{1C63367D-5DD1-4640-84C6-E24119720B13}.Debug|Any CPU.Build.0 = Debug|Any CPU
		{1C63367D-5DD1-4640-84C6-E24119720B13}.Release|Any CPU.ActiveCfg = Release|Any CPU
		{1C63367D-5DD1-4640-84C6-E24119720B13}.Release|Any CPU.Build.0 = Release|Any CPU
		{B20ECD6A-37B4-45E6-84CE-1609266467D5}.Debug|Any CPU.ActiveCfg = Debug|Any CPU
		{B20ECD6A-37B4-45E6-84CE-1609266467D5}.Debug|Any CPU.Build.0 = Debug|Any CPU
		{B20ECD6A-37B4-45E6-84CE-1609266467D5}.Release|Any CPU.ActiveCfg = Release|Any CPU
		{B20ECD6A-37B4-45E6-84CE-1609266467D5}.Release|Any CPU.Build.0 = Release|Any CPU
		{F30DE07A-4932-4705-B483-F91AE3E8A444}.Debug|Any CPU.ActiveCfg = Debug|Any CPU
		{F30DE07A-4932-4705-B483-F91AE3E8A444}.Debug|Any CPU.Build.0 = Debug|Any CPU
		{F30DE07A-4932-4705-B483-F91AE3E8A444}.Release|Any CPU.ActiveCfg = Release|Any CPU
		{F30DE07A-4932-4705-B483-F91AE3E8A444}.Release|Any CPU.Build.0 = Release|Any CPU
		{45AFAD20-15AE-43D6-BA4A-4863FC1840B0}.Debug|Any CPU.ActiveCfg = Debug|Any CPU
		{45AFAD20-15AE-43D6-BA4A-4863FC1840B0}.Debug|Any CPU.Build.0 = Debug|Any CPU
		{45AFAD20-15AE-43D6-BA4A-4863FC1840B0}.Release|Any CPU.ActiveCfg = Release|Any CPU
		{45AFAD20-15AE-43D6-BA4A-4863FC1840B0}.Release|Any CPU.Build.0 = Release|Any CPU
		{FBB8DA1D-AA6A-4E77-A8A5-A1828AB52125}.Debug|Any CPU.ActiveCfg = Debug|Any CPU
		{FBB8DA1D-AA6A-4E77-A8A5-A1828AB52125}.Debug|Any CPU.Build.0 = Debug|Any CPU
		{FBB8DA1D-AA6A-4E77-A8A5-A1828AB52125}.Release|Any CPU.ActiveCfg = Release|Any CPU
		{FBB8DA1D-AA6A-4E77-A8A5-A1828AB52125}.Release|Any CPU.Build.0 = Release|Any CPU
		{6FC1FACB-1247-416F-AD44-849B4257CD29}.Debug|Any CPU.ActiveCfg = Debug|Any CPU
		{6FC1FACB-1247-416F-AD44-849B4257CD29}.Debug|Any CPU.Build.0 = Debug|Any CPU
		{6FC1FACB-1247-416F-AD44-849B4257CD29}.Release|Any CPU.ActiveCfg = Release|Any CPU
		{6FC1FACB-1247-416F-AD44-849B4257CD29}.Release|Any CPU.Build.0 = Release|Any CPU
	EndGlobalSection
	GlobalSection(SolutionProperties) = preSolution
		HideSolutionNode = FALSE
	EndGlobalSection
	GlobalSection(ExtensibilityGlobals) = postSolution
		SolutionGuid = {CC22CA70-AD57-439D-A0D6-DFA50007823A}
	EndGlobalSection
EndGlobal
